
Microsoft Visual Studio Solution File, Format Version 12.00
# Visual Studio 15
VisualStudioVersion = 15.0.27004.2009
MinimumVisualStudioVersion = 10.0.40219.1
Project("{8BC9CEB8-8B4A-11D0-8D11-00A0C91BC942}") = "spectre-full", "spectre-light.vcxproj", "{5C8E05B9-1CFA-4670-A065-F0DD0FE19F78}"
EndProject
Global
	GlobalSection(SolutionConfigurationPlatforms) = preSolution
		Debug|x64 = Debug|x64
		Debug|x86 = Debug|x86
		Release|x64 = Release|x64
		Release|x86 = Release|x86
	EndGlobalSection
	GlobalSection(ProjectConfigurationPlatforms) = postSolution
		{5C8E05B9-1CFA-4670-A065-F0DD0FE19F78}.Debug|x64.ActiveCfg = Debug|x64
		{5C8E05B9-1CFA-4670-A065-F0DD0FE19F78}.Debug|x64.Build.0 = Debug|x64
		{5C8E05B9-1CFA-4670-A065-F0DD0FE19F78}.Debug|x86.ActiveCfg = Debug|x64
		{5C8E05B9-1CFA-4670-A065-F0DD0FE19F78}.Release|x64.ActiveCfg = Release|x64
		{5C8E05B9-1CFA-4670-A065-F0DD0FE19F78}.Release|x64.Build.0 = Release|x64
		{5C8E05B9-1CFA-4670-A065-F0DD0FE19F78}.Release|x86.ActiveCfg = Release|x64
	EndGlobalSection
	GlobalSection(SolutionProperties) = preSolution
		HideSolutionNode = FALSE
	EndGlobalSection
	GlobalSection(ExtensibilityGlobals) = postSolution
		SolutionGuid = {A915924B-F6FA-4E6B-89E2-7145CDDE1D79}
	EndGlobalSection
EndGlobal
