<?xml version="1.0" encoding="utf-8"?>
<Project ToolsVersion="4.0" xmlns="http://schemas.microsoft.com/developer/msbuild/2003">
  <ItemGroup>
    <Filter Include="src">
      <UniqueIdentifier>{4FC737F1-C7A5-4376-A066-2A32D752A2FF}</UniqueIdentifier>
      <Extensions>cpp;c;cc;cxx;def;odl;idl;hpj;bat;asm;asmx</Extensions>
    </Filter>
    <Filter Include="src\accelerators">
      <UniqueIdentifier>{ba9ce0a4-eb79-4cde-aa1d-1d42334f97ff}</UniqueIdentifier>
    </Filter>
    <Filter Include="src\geometry">
      <UniqueIdentifier>{83ea98a1-22f2-4954-9d6a-f0390ef1edfe}</UniqueIdentifier>
    </Filter>
    <Filter Include="src\cameras">
      <UniqueIdentifier>{1c1f9501-2cc5-461f-9d04-a0bf984a2f6f}</UniqueIdentifier>
    </Filter>
    <Filter Include="src\integrators">
      <UniqueIdentifier>{f508b127-e48b-4adf-975e-85a228c8e74a}</UniqueIdentifier>
    </Filter>
    <Filter Include="src\lights">
      <UniqueIdentifier>{1d350df6-bac8-4024-b4e9-b6b1afa4a092}</UniqueIdentifier>
    </Filter>
    <Filter Include="src\materials">
      <UniqueIdentifier>{00fe91bd-9eee-4bee-91a1-86caeae33c8c}</UniqueIdentifier>
    </Filter>
    <Filter Include="src\parsers">
      <UniqueIdentifier>{da3153ec-0050-4a0a-ab93-a139d981c1a6}</UniqueIdentifier>
    </Filter>
    <Filter Include="src\primitives">
      <UniqueIdentifier>{22bb858c-69b3-43ac-a984-e3790d55a335}</UniqueIdentifier>
    </Filter>
    <Filter Include="src\samplers">
      <UniqueIdentifier>{f5bd645f-b745-4f84-8180-5b8b896bd4f9}</UniqueIdentifier>
    </Filter>
    <Filter Include="src\textures">
      <UniqueIdentifier>{865c7dde-2c96-4da4-bf52-09d9e24e3dd1}</UniqueIdentifier>
    </Filter>
    <Filter Include="src\utility">
      <UniqueIdentifier>{76026ef7-a9f3-4ea4-8fc0-801a8d4d4549}</UniqueIdentifier>
    </Filter>
  </ItemGroup>
  <ItemGroup>
    <ClCompile Include="src\accelerators\bvh.cpp">
      <Filter>src\accelerators</Filter>
    </ClCompile>
    <ClCompile Include="src\accelerators\kdtree.cpp">
      <Filter>src\accelerators</Filter>
    </ClCompile>
    <ClCompile Include="src\geometry\AABB.cpp">
      <Filter>src\geometry</Filter>
    </ClCompile>
    <ClCompile Include="src\geometry\matrix4.cpp">
      <Filter>src\geometry</Filter>
    </ClCompile>
    <ClCompile Include="src\geometry\point2.cpp">
      <Filter>src\geometry</Filter>
    </ClCompile>
    <ClCompile Include="src\geometry\point3.cpp">
      <Filter>src\geometry</Filter>
    </ClCompile>
    <ClCompile Include="src\geometry\ray.cpp">
      <Filter>src\geometry</Filter>
    </ClCompile>
    <ClCompile Include="src\geometry\vec2.cpp">
      <Filter>src\geometry</Filter>
    </ClCompile>
    <ClCompile Include="src\geometry\vec3.cpp">
      <Filter>src\geometry</Filter>
    </ClCompile>
    <ClCompile Include="src\cameras\camera.cpp">
      <Filter>src\cameras</Filter>
    </ClCompile>
    <ClCompile Include="src\cameras\camera_orthographic.cpp">
      <Filter>src\cameras</Filter>
    </ClCompile>
    <ClCompile Include="src\cameras\camera_perspective.cpp">
      <Filter>src\cameras</Filter>
    </ClCompile>
    <ClCompile Include="src\cameras\camera360.cpp">
      <Filter>src\cameras</Filter>
    </ClCompile>
    <ClCompile Include="src\cameras\image_film.cpp">
      <Filter>src\cameras</Filter>
    </ClCompile>
    <ClCompile Include="src\integrators\path_tracer.cpp">
      <Filter>src\integrators</Filter>
    </ClCompile>
    <ClCompile Include="src\integrators\ray_tracer.cpp">
      <Filter>src\integrators</Filter>
    </ClCompile>
    <ClCompile Include="src\lights\area_light.cpp">
      <Filter>src\lights</Filter>
    </ClCompile>
    <ClCompile Include="src\materials\bdf.cpp">
      <Filter>src\materials</Filter>
    </ClCompile>
    <ClCompile Include="src\materials\fresnel_conditions.cpp">
      <Filter>src\materials</Filter>
    </ClCompile>
    <ClCompile Include="src\materials\lambertian.cpp">
      <Filter>src\materials</Filter>
    </ClCompile>
    <ClCompile Include="src\materials\material_library.cpp">
      <Filter>src\materials</Filter>
    </ClCompile>
    <ClCompile Include="src\materials\microfacet.cpp">
      <Filter>src\materials</Filter>
    </ClCompile>
    <ClCompile Include="src\materials\microfacet_distributions.cpp">
      <Filter>src\materials</Filter>
    </ClCompile>
    <ClCompile Include="src\materials\oren_nayar.cpp">
      <Filter>src\materials</Filter>
    </ClCompile>
    <ClCompile Include="src\materials\reflection.cpp">
      <Filter>src\materials</Filter>
    </ClCompile>
    <ClCompile Include="src\materials\refraction.cpp">
      <Filter>src\materials</Filter>
    </ClCompile>
    <ClCompile Include="src\utility\color.cpp">
      <Filter>src\utility</Filter>
    </ClCompile>
    <ClCompile Include="src\utility\console.cpp">
      <Filter>src\utility</Filter>
    </ClCompile>
    <ClCompile Include="src\utility\file.cpp">
      <Filter>src\utility</Filter>
    </ClCompile>
    <ClCompile Include="src\utility\imageIO.cpp">
      <Filter>src\utility</Filter>
    </ClCompile>
    <ClCompile Include="src\utility\occlusion_tester.cpp">
      <Filter>src\utility</Filter>
    </ClCompile>
    <ClCompile Include="src\utility\scene.cpp">
      <Filter>src\utility</Filter>
    </ClCompile>
    <ClCompile Include="src\utility\spectrum.cpp">
      <Filter>src\utility</Filter>
    </ClCompile>
    <ClCompile Include="src\utility\utility.cpp">
      <Filter>src\utility</Filter>
    </ClCompile>
    <ClCompile Include="src\utility\wellrng.cpp">
      <Filter>src\utility</Filter>
    </ClCompile>
    <ClCompile Include="src\textures\texture.cpp">
      <Filter>src\textures</Filter>
    </ClCompile>
    <ClCompile Include="src\textures\texture_library.cpp">
      <Filter>src\textures</Filter>
    </ClCompile>
    <ClCompile Include="src\textures\uniform.cpp">
      <Filter>src\textures</Filter>
    </ClCompile>
    <ClCompile Include="src\samplers\filter_box.cpp">
      <Filter>src\samplers</Filter>
    </ClCompile>
    <ClCompile Include="src\samplers\filter_gaussian.cpp">
      <Filter>src\samplers</Filter>
    </ClCompile>
    <ClCompile Include="src\samplers\filter_lanczos.cpp">
      <Filter>src\samplers</Filter>
    </ClCompile>
    <ClCompile Include="src\samplers\filter_mitchell.cpp">
      <Filter>src\samplers</Filter>
    </ClCompile>
    <ClCompile Include="src\samplers\filter_tent.cpp">
      <Filter>src\samplers</Filter>
    </ClCompile>
    <ClCompile Include="src\samplers\sampler.cpp">
      <Filter>src\samplers</Filter>
    </ClCompile>
    <ClCompile Include="src\samplers\sampler_random.cpp">
      <Filter>src\samplers</Filter>
    </ClCompile>
    <ClCompile Include="src\samplers\sampler_stratified.cpp">
      <Filter>src\samplers</Filter>
    </ClCompile>
    <ClCompile Include="src\primitives\asset.cpp">
      <Filter>src\primitives</Filter>
    </ClCompile>
    <ClCompile Include="src\primitives\box.cpp">
      <Filter>src\primitives</Filter>
    </ClCompile>
    <ClCompile Include="src\primitives\mesh.cpp">
      <Filter>src\primitives</Filter>
    </ClCompile>
    <ClCompile Include="src\primitives\shape.cpp">
      <Filter>src\primitives</Filter>
    </ClCompile>
    <ClCompile Include="src\primitives\sphere.cpp">
      <Filter>src\primitives</Filter>
    </ClCompile>
    <ClCompile Include="src\primitives\triangle.cpp">
      <Filter>src\primitives</Filter>
    </ClCompile>
    <ClCompile Include="src\parsers\config_driver.cpp">
      <Filter>src\parsers</Filter>
    </ClCompile>
    <ClCompile Include="src\parsers\config_parser.tab.cc">
      <Filter>src\parsers</Filter>
    </ClCompile>
    <ClCompile Include="src\parsers\lex.yy.cc">
      <Filter>src\parsers</Filter>
    </ClCompile>
    <ClCompile Include="src\parsers\parser_obj.cpp">
      <Filter>src\parsers</Filter>
    </ClCompile>
    <ClCompile Include="src\main.cpp">
      <Filter>src</Filter>
    </ClCompile>
    <ClCompile Include="src\renderer.cpp">
      <Filter>src</Filter>
    </ClCompile>
  </ItemGroup>
  <ItemGroup>
    <ClInclude Include="src\integrators\light_integrator.hpp">
      <Filter>src\integrators</Filter>
    </ClInclude>
    <ClInclude Include="src\integrators\path_tracer.hpp">
      <Filter>src\integrators</Filter>
    </ClInclude>
    <ClInclude Include="src\integrators\ray_tracer.hpp">
      <Filter>src\integrators</Filter>
    </ClInclude>
    <ClInclude Include="src\cameras\camera.hpp">
      <Filter>src\cameras</Filter>
    </ClInclude>
    <ClInclude Include="src\cameras\camera_orthographic.hpp">
      <Filter>src\cameras</Filter>
    </ClInclude>
    <ClInclude Include="src\cameras\camera_perspective.hpp">
      <Filter>src\cameras</Filter>
    </ClInclude>
    <ClInclude Include="src\cameras\camera360.hpp">
      <Filter>src\cameras</Filter>
    </ClInclude>
    <ClInclude Include="src\cameras\image_film.hpp">
      <Filter>src\cameras</Filter>
    </ClInclude>
    <ClInclude Include="src\geometry\AABB.hpp">
      <Filter>src\geometry</Filter>
    </ClInclude>
    <ClInclude Include="src\geometry\matrix4.hpp">
      <Filter>src\geometry</Filter>
    </ClInclude>
    <ClInclude Include="src\geometry\point2.hpp">
      <Filter>src\geometry</Filter>
    </ClInclude>
    <ClInclude Include="src\geometry\point3.hpp">
      <Filter>src\geometry</Filter>
    </ClInclude>
    <ClInclude Include="src\geometry\ray.hpp">
      <Filter>src\geometry</Filter>
    </ClInclude>
    <ClInclude Include="src\geometry\vec2.hpp">
      <Filter>src\geometry</Filter>
    </ClInclude>
    <ClInclude Include="src\geometry\vec3.hpp">
      <Filter>src\geometry</Filter>
    </ClInclude>
    <ClInclude Include="src\accelerators\bvh.hpp">
      <Filter>src\accelerators</Filter>
    </ClInclude>
    <ClInclude Include="src\accelerators\kdtree.hpp">
      <Filter>src\accelerators</Filter>
    </ClInclude>
    <ClInclude Include="src\lights\area_light.hpp">
      <Filter>src\lights</Filter>
    </ClInclude>
    <ClInclude Include="src\materials\bdf.hpp">
      <Filter>src\materials</Filter>
    </ClInclude>
    <ClInclude Include="src\materials\fresnel_conditions.hpp">
      <Filter>src\materials</Filter>
    </ClInclude>
    <ClInclude Include="src\materials\lambertian.hpp">
      <Filter>src\materials</Filter>
    </ClInclude>
    <ClInclude Include="src\materials\material_library.hpp">
      <Filter>src\materials</Filter>
    </ClInclude>
    <ClInclude Include="src\materials\metals.hpp">
      <Filter>src\materials</Filter>
    </ClInclude>
    <ClInclude Include="src\materials\microfacet.hpp">
      <Filter>src\materials</Filter>
    </ClInclude>
    <ClInclude Include="src\materials\microfacet_distributions.hpp">
      <Filter>src\materials</Filter>
    </ClInclude>
    <ClInclude Include="src\materials\oren_nayar.hpp">
      <Filter>src\materials</Filter>
    </ClInclude>
    <ClInclude Include="src\materials\reflection.hpp">
      <Filter>src\materials</Filter>
    </ClInclude>
    <ClInclude Include="src\materials\refraction.hpp">
      <Filter>src\materials</Filter>
    </ClInclude>
    <ClInclude Include="src\utility\color.hpp">
      <Filter>src\utility</Filter>
    </ClInclude>
    <ClInclude Include="src\utility\console.hpp">
      <Filter>src\utility</Filter>
    </ClInclude>
    <ClInclude Include="src\utility\file.hpp">
      <Filter>src\utility</Filter>
    </ClInclude>
    <ClInclude Include="src\utility\imageIO.hpp">
      <Filter>src\utility</Filter>
    </ClInclude>
    <ClInclude Include="src\utility\occlusion_tester.hpp">
      <Filter>src\utility</Filter>
    </ClInclude>
    <ClInclude Include="src\utility\scene.hpp">
      <Filter>src\utility</Filter>
    </ClInclude>
    <ClInclude Include="src\utility\spectrum.hpp">
      <Filter>src\utility</Filter>
    </ClInclude>
    <ClInclude Include="src\utility\utility.hpp">
      <Filter>src\utility</Filter>
    </ClInclude>
    <ClInclude Include="src\utility\wellrng.hpp">
      <Filter>src\utility</Filter>
    </ClInclude>
    <ClInclude Include="src\textures\texture.hpp">
      <Filter>src\textures</Filter>
    </ClInclude>
    <ClInclude Include="src\textures\texture_library.hpp">
      <Filter>src\textures</Filter>
    </ClInclude>
    <ClInclude Include="src\textures\uniform.hpp">
      <Filter>src\textures</Filter>
    </ClInclude>
    <ClInclude Include="src\samplers\filter.hpp">
      <Filter>src\samplers</Filter>
    </ClInclude>
    <ClInclude Include="src\samplers\filter_box.hpp">
      <Filter>src\samplers</Filter>
    </ClInclude>
    <ClInclude Include="src\samplers\filter_gaussian.hpp">
      <Filter>src\samplers</Filter>
    </ClInclude>
    <ClInclude Include="src\samplers\filter_lanczos.hpp">
      <Filter>src\samplers</Filter>
    </ClInclude>
    <ClInclude Include="src\samplers\filter_mitchell.hpp">
      <Filter>src\samplers</Filter>
    </ClInclude>
    <ClInclude Include="src\samplers\filter_tent.hpp">
      <Filter>src\samplers</Filter>
    </ClInclude>
    <ClInclude Include="src\samplers\sampler.hpp">
      <Filter>src\samplers</Filter>
    </ClInclude>
    <ClInclude Include="src\samplers\sampler_random.hpp">
      <Filter>src\samplers</Filter>
    </ClInclude>
    <ClInclude Include="src\samplers\sampler_stratified.hpp">
      <Filter>src\samplers</Filter>
    </ClInclude>
    <ClInclude Include="src\primitives\asset.hpp">
      <Filter>src\primitives</Filter>
    </ClInclude>
    <ClInclude Include="src\primitives\box.hpp">
      <Filter>src\primitives</Filter>
    </ClInclude>
    <ClInclude Include="src\primitives\mesh.hpp">
      <Filter>src\primitives</Filter>
    </ClInclude>
    <ClInclude Include="src\primitives\shape.hpp">
      <Filter>src\primitives</Filter>
    </ClInclude>
    <ClInclude Include="src\primitives\sphere.hpp">
      <Filter>src\primitives</Filter>
    </ClInclude>
    <ClInclude Include="src\primitives\triangle.hpp">
      <Filter>src\primitives</Filter>
    </ClInclude>
    <ClInclude Include="src\parsers\config_driver.hpp">
      <Filter>src\parsers</Filter>
    </ClInclude>
    <ClInclude Include="src\parsers\config_parser.tab.hh">
      <Filter>src\parsers</Filter>
    </ClInclude>
    <ClInclude Include="src\parsers\location.hh">
      <Filter>src\parsers</Filter>
    </ClInclude>
    <ClInclude Include="src\parsers\parser_obj.hpp">
      <Filter>src\parsers</Filter>
    </ClInclude>
    <ClInclude Include="src\parsers\position.hh">
      <Filter>src\parsers</Filter>
    </ClInclude>
    <ClInclude Include="src\parsers\stack.hh">
      <Filter>src\parsers</Filter>
    </ClInclude>
    <ClInclude Include="src\localization.h">
      <Filter>src</Filter>
    </ClInclude>
    <ClInclude Include="src\renderer.hpp">
      <Filter>src</Filter>
    </ClInclude>
    <ClInclude Include="src\settings.h">
      <Filter>src</Filter>
    </ClInclude>
    <ClInclude Include="src\validator.h">
      <Filter>src</Filter>
    </ClInclude>
  </ItemGroup>
  <ItemGroup>
    <None Include="src\parsers\config_lexer.l">
      <Filter>src\parsers</Filter>
    </None>
    <None Include="src\parsers\config_parser.y">
      <Filter>src\parsers</Filter>
    </None>
    <None Include="src\parsers\README.md">
      <Filter>src\parsers</Filter>
    </None>
    <None Include="src\README.md">
      <Filter>src</Filter>
    </None>
    <None Include=".gitignore" />
    <None Include=".travis.yml" />
    <None Include="appveyor.yml" />
    <None Include="codecov.yml" />
    <None Include="README.md" />
    <None Include="Roadmap.md" />
  </ItemGroup>
  <ItemGroup>
    <Text Include="CMakeLists.txt" />
    <Text Include="LICENSE.txt" />
  </ItemGroup>
</Project>