
Microsoft Visual Studio Solution File, Format Version 12.00
# Visual Studio 15
VisualStudioVersion = 15.0.27004.2009
MinimumVisualStudioVersion = 10.0.40219.1
Project("{8BC9CEB8-8B4A-11D0-8D11-00A0C91BC942}") = "spectre", "spectre-light.vcxproj", "{5C8E05B9-1CFA-4670-A065-F0DD0FE19F78}"
EndProject
Project("{8BC9CEB8-8B4A-11D0-8D11-00A0C91BC942}") = "tests", "tests.vcxproj", "{C03AB466-889F-49DB-8772-0725F58F74CE}"
EndProject
Global
	GlobalSection(SolutionConfigurationPlatforms) = preSolution
		Debug-rgb|x64 = Debug-rgb|x64
		Debug-rgb|x86 = Debug-rgb|x86
		Debug-spectral|x64 = Debug-spectral|x64
		Debug-spectral|x86 = Debug-spectral|x86
		Release-rgb|x64 = Release-rgb|x64
		Release-rgb|x86 = Release-rgb|x86
		Release-spectral|x64 = Release-spectral|x64
		Release-spectral|x86 = Release-spectral|x86
	EndGlobalSection
	GlobalSection(ProjectConfigurationPlatforms) = postSolution
		{5C8E05B9-1CFA-4670-A065-F0DD0FE19F78}.Debug-rgb|x64.ActiveCfg = Debug-spectral|x64
		{5C8E05B9-1CFA-4670-A065-F0DD0FE19F78}.Debug-rgb|x64.Build.0 = Debug-spectral|x64
		{5C8E05B9-1CFA-4670-A065-F0DD0FE19F78}.Debug-rgb|x86.ActiveCfg = Debug-rgb|x64
		{5C8E05B9-1CFA-4670-A065-F0DD0FE19F78}.Debug-spectral|x64.ActiveCfg = Debug-spectral|x64
		{5C8E05B9-1CFA-4670-A065-F0DD0FE19F78}.Debug-spectral|x64.Build.0 = Debug-spectral|x64
		{5C8E05B9-1CFA-4670-A065-F0DD0FE19F78}.Debug-spectral|x86.ActiveCfg = Debug-spectral|x64
		{5C8E05B9-1CFA-4670-A065-F0DD0FE19F78}.Release-rgb|x64.ActiveCfg = Debug-spectral|x64
		{5C8E05B9-1CFA-4670-A065-F0DD0FE19F78}.Release-rgb|x64.Build.0 = Debug-spectral|x64
		{5C8E05B9-1CFA-4670-A065-F0DD0FE19F78}.Release-rgb|x86.ActiveCfg = Release-rgb|x64
		{5C8E05B9-1CFA-4670-A065-F0DD0FE19F78}.Release-spectral|x64.ActiveCfg = Debug-spectral|x64
		{5C8E05B9-1CFA-4670-A065-F0DD0FE19F78}.Release-spectral|x64.Build.0 = Debug-spectral|x64
		{5C8E05B9-1CFA-4670-A065-F0DD0FE19F78}.Release-spectral|x86.ActiveCfg = Release-spectral|x64
		{C03AB466-889F-49DB-8772-0725F58F74CE}.Debug-rgb|x64.ActiveCfg = Debug-rgb|x64
		{C03AB466-889F-49DB-8772-0725F58F74CE}.Debug-rgb|x64.Build.0 = Debug-rgb|x64
		{C03AB466-889F-49DB-8772-0725F58F74CE}.Debug-rgb|x86.ActiveCfg = Debug-rgb|Win32
		{C03AB466-889F-49DB-8772-0725F58F74CE}.Debug-rgb|x86.Build.0 = Debug-rgb|Win32
		{C03AB466-889F-49DB-8772-0725F58F74CE}.Debug-spectral|x64.ActiveCfg = Debug-rgb|x64
		{C03AB466-889F-49DB-8772-0725F58F74CE}.Debug-spectral|x64.Build.0 = Debug-rgb|x64
		{C03AB466-889F-49DB-8772-0725F58F74CE}.Debug-spectral|x86.ActiveCfg = Debug-rgb|Win32
		{C03AB466-889F-49DB-8772-0725F58F74CE}.Debug-spectral|x86.Build.0 = Debug-rgb|Win32
		{C03AB466-889F-49DB-8772-0725F58F74CE}.Release-rgb|x64.ActiveCfg = Debug-rgb|x64
		{C03AB466-889F-49DB-8772-0725F58F74CE}.Release-rgb|x64.Build.0 = Debug-rgb|x64
		{C03AB466-889F-49DB-8772-0725F58F74CE}.Release-rgb|x86.ActiveCfg = Debug-rgb|Win32
		{C03AB466-889F-49DB-8772-0725F58F74CE}.Release-rgb|x86.Build.0 = Debug-rgb|Win32
		{C03AB466-889F-49DB-8772-0725F58F74CE}.Release-spectral|x64.ActiveCfg = Debug-rgb|x64
		{C03AB466-889F-49DB-8772-0725F58F74CE}.Release-spectral|x64.Build.0 = Debug-rgb|x64
		{C03AB466-889F-49DB-8772-0725F58F74CE}.Release-spectral|x86.ActiveCfg = Debug-rgb|Win32
		{C03AB466-889F-49DB-8772-0725F58F74CE}.Release-spectral|x86.Build.0 = Debug-rgb|Win32
	EndGlobalSection
	GlobalSection(SolutionProperties) = preSolution
		HideSolutionNode = FALSE
	EndGlobalSection
	GlobalSection(ExtensibilityGlobals) = postSolution
		SolutionGuid = {A915924B-F6FA-4E6B-89E2-7145CDDE1D79}
	EndGlobalSection
EndGlobal
