<?xml version="1.0" encoding="utf-8"?>
<Project ToolsVersion="4.0" xmlns="http://schemas.microsoft.com/developer/msbuild/2003">
  <ItemGroup>
    <Filter Include="tests">
      <UniqueIdentifier>{7dff6f1b-6b48-48d6-9e16-0d880ae06362}</UniqueIdentifier>
    </Filter>
    <Filter Include="sources">
      <UniqueIdentifier>{96433028-fd25-467a-be0c-a695db5f28f8}</UniqueIdentifier>
    </Filter>
  </ItemGroup>
  <ItemGroup>
    <ClCompile Include="..\tests\unit-testing\console_tests.cpp">
      <Filter>tests</Filter>
    </ClCompile>
    <ClCompile Include="..\src\utility\console.cpp">
      <Filter>sources</Filter>
    </ClCompile>
    <ClCompile Include="..\src\geometry\AABB.cpp">
      <Filter>sources</Filter>
    </ClCompile>
    <ClCompile Include="..\src\geometry\matrix4.cpp">
      <Filter>sources</Filter>
    </ClCompile>
    <ClCompile Include="..\src\geometry\point2.cpp">
      <Filter>sources</Filter>
    </ClCompile>
    <ClCompile Include="..\src\geometry\point3.cpp">
      <Filter>sources</Filter>
    </ClCompile>
    <ClCompile Include="..\src\geometry\ray.cpp">
      <Filter>sources</Filter>
    </ClCompile>
    <ClCompile Include="..\src\geometry\vec2.cpp">
      <Filter>sources</Filter>
    </ClCompile>
    <ClCompile Include="..\src\geometry\vec3.cpp">
      <Filter>sources</Filter>
    </ClCompile>
    <ClCompile Include="..\tests\unit-testing\aabb_tests.cpp">
      <Filter>tests</Filter>
    </ClCompile>
    <ClCompile Include="..\tests\unit-testing\matrix4_tests.cpp">
      <Filter>tests</Filter>
    </ClCompile>
    <ClCompile Include="..\tests\unit-testing\normal_tests.cpp">
      <Filter>tests</Filter>
    </ClCompile>
    <ClCompile Include="..\tests\unit-testing\point2_tests.cpp">
      <Filter>tests</Filter>
    </ClCompile>
    <ClCompile Include="..\tests\unit-testing\point3_tests.cpp">
      <Filter>tests</Filter>
    </ClCompile>
    <ClCompile Include="..\tests\unit-testing\ray_tests.cpp">
      <Filter>tests</Filter>
    </ClCompile>
    <ClCompile Include="..\tests\unit-testing\vec2_tests.cpp">
      <Filter>tests</Filter>
    </ClCompile>
    <ClCompile Include="..\tests\unit-testing\vec3_tests.cpp">
      <Filter>tests</Filter>
    </ClCompile>
  </ItemGroup>
  <ItemGroup>
    <ClInclude Include="..\tests\unit-testing\spectre_tests.h">
      <Filter>tests</Filter>
    </ClInclude>
    <ClInclude Include="..\src\utility\console.hpp">
      <Filter>sources</Filter>
    </ClInclude>
    <ClInclude Include="..\src\geometry\AABB.hpp">
      <Filter>sources</Filter>
    </ClInclude>
    <ClInclude Include="..\src\geometry\matrix4.hpp">
      <Filter>sources</Filter>
    </ClInclude>
    <ClInclude Include="..\src\geometry\point2.hpp">
      <Filter>sources</Filter>
    </ClInclude>
    <ClInclude Include="..\src\geometry\point3.hpp">
      <Filter>sources</Filter>
    </ClInclude>
    <ClInclude Include="..\src\geometry\ray.hpp">
      <Filter>sources</Filter>
    </ClInclude>
    <ClInclude Include="..\src\geometry\vec2.hpp">
      <Filter>sources</Filter>
    </ClInclude>
    <ClInclude Include="..\src\geometry\vec3.hpp">
      <Filter>sources</Filter>
    </ClInclude>
  </ItemGroup>
</Project>