<?xml version="1.0" encoding="utf-8"?>
<Project ToolsVersion="4.0" xmlns="http://schemas.microsoft.com/developer/msbuild/2003">
  <ItemGroup>
    <Filter Include="tests">
      <UniqueIdentifier>{7dff6f1b-6b48-48d6-9e16-0d880ae06362}</UniqueIdentifier>
    </Filter>
    <Filter Include="sources">
      <UniqueIdentifier>{96433028-fd25-467a-be0c-a695db5f28f8}</UniqueIdentifier>
    </Filter>
  </ItemGroup>
  <ItemGroup>
    <ClCompile Include="..\tests\unit-testing\console_tests.cpp">
      <Filter>tests</Filter>
    </ClCompile>
    <ClCompile Include="..\src\utility\console.cpp">
      <Filter>sources</Filter>
    </ClCompile>
    <ClCompile Include="..\src\geometry\AABB.cpp">
      <Filter>sources</Filter>
    </ClCompile>
    <ClCompile Include="..\src\geometry\matrix4.cpp">
      <Filter>sources</Filter>
    </ClCompile>
    <ClCompile Include="..\src\geometry\point2.cpp">
      <Filter>sources</Filter>
    </ClCompile>
    <ClCompile Include="..\src\geometry\point3.cpp">
      <Filter>sources</Filter>
    </ClCompile>
    <ClCompile Include="..\src\geometry\ray.cpp">
      <Filter>sources</Filter>
    </ClCompile>
    <ClCompile Include="..\src\geometry\vec2.cpp">
      <Filter>sources</Filter>
    </ClCompile>
    <ClCompile Include="..\src\geometry\vec3.cpp">
      <Filter>sources</Filter>
    </ClCompile>
    <ClCompile Include="..\tests\unit-testing\aabb_tests.cpp">
      <Filter>tests</Filter>
    </ClCompile>
    <ClCompile Include="..\tests\unit-testing\matrix4_tests.cpp">
      <Filter>tests</Filter>
    </ClCompile>
    <ClCompile Include="..\tests\unit-testing\normal_tests.cpp">
      <Filter>tests</Filter>
    </ClCompile>
    <ClCompile Include="..\tests\unit-testing\point2_tests.cpp">
      <Filter>tests</Filter>
    </ClCompile>
    <ClCompile Include="..\tests\unit-testing\point3_tests.cpp">
      <Filter>tests</Filter>
    </ClCompile>
    <ClCompile Include="..\tests\unit-testing\ray_tests.cpp">
      <Filter>tests</Filter>
    </ClCompile>
    <ClCompile Include="..\tests\unit-testing\vec2_tests.cpp">
      <Filter>tests</Filter>
    </ClCompile>
    <ClCompile Include="..\tests\unit-testing\vec3_tests.cpp">
      <Filter>tests</Filter>
    </ClCompile>
    <ClCompile Include="..\tests\unit-testing\filter_tests.cpp">
      <Filter>tests</Filter>
    </ClCompile>
    <ClCompile Include="..\tests\unit-testing\sampler_tests.cpp">
      <Filter>tests</Filter>
    </ClCompile>
    <ClCompile Include="..\src\samplers\filter_box.cpp">
      <Filter>sources</Filter>
    </ClCompile>
    <ClCompile Include="..\src\samplers\filter_gaussian.cpp">
      <Filter>sources</Filter>
    </ClCompile>
    <ClCompile Include="..\src\samplers\filter_lanczos.cpp">
      <Filter>sources</Filter>
    </ClCompile>
    <ClCompile Include="..\src\samplers\filter_mitchell.cpp">
      <Filter>sources</Filter>
    </ClCompile>
    <ClCompile Include="..\src\samplers\filter_tent.cpp">
      <Filter>sources</Filter>
    </ClCompile>
    <ClCompile Include="..\src\samplers\sampler.cpp">
      <Filter>sources</Filter>
    </ClCompile>
    <ClCompile Include="..\src\samplers\sampler_random.cpp">
      <Filter>sources</Filter>
    </ClCompile>
    <ClCompile Include="..\src\samplers\sampler_stratified.cpp">
      <Filter>sources</Filter>
    </ClCompile>
    <ClCompile Include="..\src\utility\wellrng.cpp">
      <Filter>sources</Filter>
    </ClCompile>
    <ClCompile Include="..\src\utility\color.cpp">
      <Filter>sources</Filter>
    </ClCompile>
    <ClCompile Include="..\src\utility\spectrum.cpp">
      <Filter>sources</Filter>
    </ClCompile>
    <ClCompile Include="..\src\utility\occlusion_tester.cpp">
      <Filter>sources</Filter>
    </ClCompile>
    <ClCompile Include="..\src\utility\scene.cpp">
      <Filter>sources</Filter>
    </ClCompile>
    <ClCompile Include="..\src\utility\utility.cpp">
      <Filter>sources</Filter>
    </ClCompile>
    <ClCompile Include="..\src\materials\bdf.cpp">
      <Filter>sources</Filter>
    </ClCompile>
    <ClCompile Include="..\src\materials\fresnel_conditions.cpp">
      <Filter>sources</Filter>
    </ClCompile>
    <ClCompile Include="..\src\materials\lambertian.cpp">
      <Filter>sources</Filter>
    </ClCompile>
    <ClCompile Include="..\src\materials\material_library.cpp">
      <Filter>sources</Filter>
    </ClCompile>
    <ClCompile Include="..\src\materials\microfacet.cpp">
      <Filter>sources</Filter>
    </ClCompile>
    <ClCompile Include="..\src\materials\microfacet_distributions.cpp">
      <Filter>sources</Filter>
    </ClCompile>
    <ClCompile Include="..\src\materials\oren_nayar.cpp">
      <Filter>sources</Filter>
    </ClCompile>
    <ClCompile Include="..\src\materials\reflection.cpp">
      <Filter>sources</Filter>
    </ClCompile>
    <ClCompile Include="..\src\materials\refraction.cpp">
      <Filter>sources</Filter>
    </ClCompile>
    <ClCompile Include="..\tests\unit-testing\materiallibrary_tests.cpp">
      <Filter>tests</Filter>
    </ClCompile>
    <ClCompile Include="..\tests\unit-testing\materials_tests.cpp">
      <Filter>tests</Filter>
    </ClCompile>
    <ClCompile Include="..\tests\unit-testing\microfacets_tests.cpp">
      <Filter>tests</Filter>
    </ClCompile>
    <ClCompile Include="..\tests\unit-testing\texturelibrary_tests.cpp">
      <Filter>tests</Filter>
    </ClCompile>
    <ClCompile Include="..\src\textures\texture_library.cpp">
      <Filter>sources</Filter>
    </ClCompile>
    <ClCompile Include="..\src\primitives\asset.cpp">
      <Filter>sources</Filter>
    </ClCompile>
    <ClCompile Include="..\src\primitives\box.cpp">
      <Filter>sources</Filter>
    </ClCompile>
    <ClCompile Include="..\src\primitives\mesh.cpp">
      <Filter>sources</Filter>
    </ClCompile>
    <ClCompile Include="..\src\primitives\shape.cpp">
      <Filter>sources</Filter>
    </ClCompile>
    <ClCompile Include="..\src\primitives\sphere.cpp">
      <Filter>sources</Filter>
    </ClCompile>
    <ClCompile Include="..\src\primitives\triangle.cpp">
      <Filter>sources</Filter>
    </ClCompile>
    <ClCompile Include="..\tests\unit-testing\asset_tests.cpp">
      <Filter>tests</Filter>
    </ClCompile>
    <ClCompile Include="..\tests\unit-testing\box_tests.cpp">
      <Filter>tests</Filter>
    </ClCompile>
    <ClCompile Include="..\tests\unit-testing\light_tests.cpp">
      <Filter>tests</Filter>
    </ClCompile>
    <ClCompile Include="..\tests\unit-testing\mesh_tests.cpp">
      <Filter>tests</Filter>
    </ClCompile>
    <ClCompile Include="..\tests\unit-testing\sphere_tests.cpp">
      <Filter>tests</Filter>
    </ClCompile>
    <ClCompile Include="..\tests\unit-testing\triangle_tests.cpp">
      <Filter>tests</Filter>
    </ClCompile>
    <ClCompile Include="..\src\accelerators\bvh.cpp">
      <Filter>sources</Filter>
    </ClCompile>
    <ClCompile Include="..\src\accelerators\kdtree.cpp">
      <Filter>sources</Filter>
    </ClCompile>
    <ClCompile Include="..\tests\unit-testing\color_tests.cpp">
      <Filter>tests</Filter>
    </ClCompile>
    <ClCompile Include="..\tests\unit-testing\occlusiontester_tests.cpp">
      <Filter>tests</Filter>
    </ClCompile>
    <ClCompile Include="..\tests\unit-testing\scene_tests.cpp">
      <Filter>tests</Filter>
    </ClCompile>
    <ClCompile Include="..\tests\unit-testing\spectrum_tests.cpp">
      <Filter>tests</Filter>
    </ClCompile>
    <ClCompile Include="..\tests\unit-testing\utility_tests.cpp">
      <Filter>tests</Filter>
    </ClCompile>
    <ClCompile Include="..\tests\unit-testing\file_tests.cpp">
      <Filter>tests</Filter>
    </ClCompile>
    <ClCompile Include="..\src\utility\file.cpp">
      <Filter>sources</Filter>
    </ClCompile>
    <ClCompile Include="..\src\cameras\camera.cpp">
      <Filter>sources</Filter>
    </ClCompile>
    <ClCompile Include="..\src\cameras\camera_orthographic.cpp">
      <Filter>sources</Filter>
    </ClCompile>
    <ClCompile Include="..\src\cameras\camera_perspective.cpp">
      <Filter>sources</Filter>
    </ClCompile>
    <ClCompile Include="..\src\cameras\camera360.cpp">
      <Filter>sources</Filter>
    </ClCompile>
    <ClCompile Include="..\src\cameras\image_film.cpp">
      <Filter>sources</Filter>
    </ClCompile>
    <ClCompile Include="..\tests\unit-testing\camera_tests.cpp">
      <Filter>tests</Filter>
    </ClCompile>
    <ClCompile Include="..\tests\unit-testing\imagefilm_tests.cpp">
      <Filter>tests</Filter>
    </ClCompile>
    <ClCompile Include="..\tests\unit-testing\imageio_tests.cpp">
      <Filter>tests</Filter>
    </ClCompile>
    <ClCompile Include="..\src\parsers\parser_obj.cpp">
      <Filter>sources</Filter>
    </ClCompile>
    <ClCompile Include="..\tests\unit-testing\parser_obj_tests.cpp">
      <Filter>tests</Filter>
    </ClCompile>
    <ClCompile Include="..\tests\unit-testing\parser_tests.cpp">
      <Filter>tests</Filter>
    </ClCompile>
    <ClCompile Include="..\src\renderer.cpp">
      <Filter>sources</Filter>
    </ClCompile>
    <ClCompile Include="..\src\integrators\path_tracer.cpp">
      <Filter>sources</Filter>
    </ClCompile>
    <ClCompile Include="..\src\integrators\ray_tracer.cpp">
      <Filter>sources</Filter>
    </ClCompile>
    <ClCompile Include="..\src\textures\image_map.cpp">
      <Filter>sources</Filter>
    </ClCompile>
    <ClCompile Include="..\src\textures\texture_image.cpp">
      <Filter>sources</Filter>
    </ClCompile>
    <ClCompile Include="..\src\textures\texture_uniform.cpp">
      <Filter>sources</Filter>
    </ClCompile>
    <ClCompile Include="..\tests\unit-testing\imagemap_tests.cpp">
      <Filter>tests</Filter>
    </ClCompile>
    <ClCompile Include="..\tests\unit-testing\texture_tests.cpp">
      <Filter>tests</Filter>
    </ClCompile>
    <ClCompile Include="..\src\utility\imageio\bmp.c">
      <Filter>sources</Filter>
    </ClCompile>
    <ClCompile Include="..\src\utility\imageio\imageio.c">
      <Filter>sources</Filter>
    </ClCompile>
    <ClCompile Include="..\src\utility\imageio\ppm.c">
      <Filter>sources</Filter>
    </ClCompile>
    <ClCompile Include="..\src\utility\imageio\tga.c">
      <Filter>sources</Filter>
    </ClCompile>
    <ClCompile Include="..\tests\unit-testing\array2d_tests.cpp">
      <Filter>tests</Filter>
    </ClCompile>
    <ClCompile Include="..\src\materials\bump.cpp">
      <Filter>sources</Filter>
    </ClCompile>
    <ClCompile Include="..\src\materials\dual.cpp">
      <Filter>sources</Filter>
    </ClCompile>
    <ClCompile Include="..\src\materials\multi_bsdf.cpp">
      <Filter>sources</Filter>
    </ClCompile>
    <ClCompile Include="..\src\materials\shading_space.cpp">
      <Filter>sources</Filter>
    </ClCompile>
    <ClCompile Include="..\src\materials\single_brdf.cpp">
      <Filter>sources</Filter>
    </ClCompile>
    <ClCompile Include="..\src\textures\mask_boolean.cpp">
      <Filter>sources</Filter>
    </ClCompile>
    <ClCompile Include="..\src\textures\texture_normal.cpp">
      <Filter>sources</Filter>
    </ClCompile>
    <ClCompile Include="..\src\primitives\hit_point.cpp">
      <Filter>sources</Filter>
    </ClCompile>
    <ClCompile Include="..\src\lights\light.cpp">
      <Filter>sources</Filter>
    </ClCompile>
    <ClCompile Include="..\src\lights\light_area.cpp">
      <Filter>sources</Filter>
    </ClCompile>
    <ClCompile Include="..\src\lights\light_omni.cpp">
      <Filter>sources</Filter>
    </ClCompile>
    <ClCompile Include="..\src\lights\light_spot.cpp">
      <Filter>sources</Filter>
    </ClCompile>
    <ClCompile Include="..\src\parsers\config_parser.tab.c">
      <Filter>sources</Filter>
    </ClCompile>
    <ClCompile Include="..\src\parsers\lex.yy.c">
      <Filter>sources</Filter>
    </ClCompile>
    <ClCompile Include="..\src\parsers\parsed_structs.c">
      <Filter>sources</Filter>
    </ClCompile>
    <ClCompile Include="..\src\parsers\parser_config.cpp">
      <Filter>sources</Filter>
    </ClCompile>
    <ClCompile Include="..\src\utility\date.cpp">
      <Filter>sources</Filter>
    </ClCompile>
    <ClCompile Include="..\tests\unit-testing\date_tests.cpp">
      <Filter>tests</Filter>
    </ClCompile>
  </ItemGroup>
  <ItemGroup>
    <ClInclude Include="..\tests\unit-testing\spectre_tests.h">
      <Filter>tests</Filter>
    </ClInclude>
    <ClInclude Include="..\src\utility\console.hpp">
      <Filter>sources</Filter>
    </ClInclude>
    <ClInclude Include="..\src\geometry\AABB.hpp">
      <Filter>sources</Filter>
    </ClInclude>
    <ClInclude Include="..\src\geometry\matrix4.hpp">
      <Filter>sources</Filter>
    </ClInclude>
    <ClInclude Include="..\src\geometry\point2.hpp">
      <Filter>sources</Filter>
    </ClInclude>
    <ClInclude Include="..\src\geometry\point3.hpp">
      <Filter>sources</Filter>
    </ClInclude>
    <ClInclude Include="..\src\geometry\ray.hpp">
      <Filter>sources</Filter>
    </ClInclude>
    <ClInclude Include="..\src\geometry\vec2.hpp">
      <Filter>sources</Filter>
    </ClInclude>
    <ClInclude Include="..\src\geometry\vec3.hpp">
      <Filter>sources</Filter>
    </ClInclude>
    <ClInclude Include="..\src\samplers\filter.hpp">
      <Filter>sources</Filter>
    </ClInclude>
    <ClInclude Include="..\src\samplers\filter_box.hpp">
      <Filter>sources</Filter>
    </ClInclude>
    <ClInclude Include="..\src\samplers\filter_gaussian.hpp">
      <Filter>sources</Filter>
    </ClInclude>
    <ClInclude Include="..\src\samplers\filter_lanczos.hpp">
      <Filter>sources</Filter>
    </ClInclude>
    <ClInclude Include="..\src\samplers\filter_mitchell.hpp">
      <Filter>sources</Filter>
    </ClInclude>
    <ClInclude Include="..\src\samplers\filter_tent.hpp">
      <Filter>sources</Filter>
    </ClInclude>
    <ClInclude Include="..\src\samplers\sampler.hpp">
      <Filter>sources</Filter>
    </ClInclude>
    <ClInclude Include="..\src\samplers\sampler_random.hpp">
      <Filter>sources</Filter>
    </ClInclude>
    <ClInclude Include="..\src\samplers\sampler_stratified.hpp">
      <Filter>sources</Filter>
    </ClInclude>
    <ClInclude Include="..\src\utility\wellrng.hpp">
      <Filter>sources</Filter>
    </ClInclude>
    <ClInclude Include="..\src\utility\color.hpp">
      <Filter>sources</Filter>
    </ClInclude>
    <ClInclude Include="..\src\utility\spectrum.hpp">
      <Filter>sources</Filter>
    </ClInclude>
    <ClInclude Include="..\src\utility\occlusion_tester.hpp">
      <Filter>sources</Filter>
    </ClInclude>
    <ClInclude Include="..\src\utility\scene.hpp">
      <Filter>sources</Filter>
    </ClInclude>
    <ClInclude Include="..\src\utility\utility.hpp">
      <Filter>sources</Filter>
    </ClInclude>
    <ClInclude Include="..\src\materials\bdf.hpp">
      <Filter>sources</Filter>
    </ClInclude>
    <ClInclude Include="..\src\materials\fresnel_conditions.hpp">
      <Filter>sources</Filter>
    </ClInclude>
    <ClInclude Include="..\src\materials\lambertian.hpp">
      <Filter>sources</Filter>
    </ClInclude>
    <ClInclude Include="..\src\materials\material_library.hpp">
      <Filter>sources</Filter>
    </ClInclude>
    <ClInclude Include="..\src\materials\metals.hpp">
      <Filter>sources</Filter>
    </ClInclude>
    <ClInclude Include="..\src\materials\microfacet.hpp">
      <Filter>sources</Filter>
    </ClInclude>
    <ClInclude Include="..\src\materials\microfacet_distributions.hpp">
      <Filter>sources</Filter>
    </ClInclude>
    <ClInclude Include="..\src\materials\oren_nayar.hpp">
      <Filter>sources</Filter>
    </ClInclude>
    <ClInclude Include="..\src\materials\reflection.hpp">
      <Filter>sources</Filter>
    </ClInclude>
    <ClInclude Include="..\src\materials\refraction.hpp">
      <Filter>sources</Filter>
    </ClInclude>
    <ClInclude Include="..\src\textures\texture.hpp">
      <Filter>sources</Filter>
    </ClInclude>
    <ClInclude Include="..\src\textures\texture_library.hpp">
      <Filter>sources</Filter>
    </ClInclude>
    <ClInclude Include="..\src\primitives\asset.hpp">
      <Filter>sources</Filter>
    </ClInclude>
    <ClInclude Include="..\src\primitives\box.hpp">
      <Filter>sources</Filter>
    </ClInclude>
    <ClInclude Include="..\src\primitives\mesh.hpp">
      <Filter>sources</Filter>
    </ClInclude>
    <ClInclude Include="..\src\primitives\shape.hpp">
      <Filter>sources</Filter>
    </ClInclude>
    <ClInclude Include="..\src\primitives\sphere.hpp">
      <Filter>sources</Filter>
    </ClInclude>
    <ClInclude Include="..\src\primitives\triangle.hpp">
      <Filter>sources</Filter>
    </ClInclude>
    <ClInclude Include="..\src\accelerators\bvh.hpp">
      <Filter>sources</Filter>
    </ClInclude>
    <ClInclude Include="..\src\accelerators\kdtree.hpp">
      <Filter>sources</Filter>
    </ClInclude>
    <ClInclude Include="..\src\utility\file.hpp">
      <Filter>sources</Filter>
    </ClInclude>
    <ClInclude Include="..\src\cameras\camera.hpp">
      <Filter>sources</Filter>
    </ClInclude>
    <ClInclude Include="..\src\cameras\camera_orthographic.hpp">
      <Filter>sources</Filter>
    </ClInclude>
    <ClInclude Include="..\src\cameras\camera_perspective.hpp">
      <Filter>sources</Filter>
    </ClInclude>
    <ClInclude Include="..\src\cameras\camera360.hpp">
      <Filter>sources</Filter>
    </ClInclude>
    <ClInclude Include="..\src\cameras\image_film.hpp">
      <Filter>sources</Filter>
    </ClInclude>
    <ClInclude Include="..\src\parsers\parser_obj.hpp">
      <Filter>sources</Filter>
    </ClInclude>
    <ClInclude Include="..\src\parsers\location.hh">
      <Filter>sources</Filter>
    </ClInclude>
    <ClInclude Include="..\src\textures\image_map.hpp">
      <Filter>sources</Filter>
    </ClInclude>
    <ClInclude Include="..\src\textures\texture_image.hpp">
      <Filter>sources</Filter>
    </ClInclude>
    <ClInclude Include="..\src\textures\texture_uniform.hpp">
      <Filter>sources</Filter>
    </ClInclude>
    <ClInclude Include="..\src\utility\imageio\bmp.h">
      <Filter>sources</Filter>
    </ClInclude>
    <ClInclude Include="..\src\utility\imageio\endianness.h">
      <Filter>sources</Filter>
    </ClInclude>
    <ClInclude Include="..\src\utility\imageio\imageio.h">
      <Filter>sources</Filter>
    </ClInclude>
    <ClInclude Include="..\src\utility\imageio\packed_struct.h">
      <Filter>sources</Filter>
    </ClInclude>
    <ClInclude Include="..\src\utility\imageio\ppm.h">
      <Filter>sources</Filter>
    </ClInclude>
    <ClInclude Include="..\src\utility\imageio\tga.h">
      <Filter>sources</Filter>
    </ClInclude>
    <ClInclude Include="..\src\utility\array2D.hpp">
      <Filter>sources</Filter>
    </ClInclude>
    <ClInclude Include="..\src\materials\bsdf.hpp">
      <Filter>sources</Filter>
    </ClInclude>
    <ClInclude Include="..\src\materials\bump.hpp">
      <Filter>sources</Filter>
    </ClInclude>
    <ClInclude Include="..\src\materials\dual.hpp">
      <Filter>sources</Filter>
    </ClInclude>
    <ClInclude Include="..\src\materials\multi_bsdf.hpp">
      <Filter>sources</Filter>
    </ClInclude>
    <ClInclude Include="..\src\materials\shading_space.hpp">
      <Filter>sources</Filter>
    </ClInclude>
    <ClInclude Include="..\src\materials\single_brdf.hpp">
      <Filter>sources</Filter>
    </ClInclude>
    <ClInclude Include="..\src\textures\mask_boolean.hpp">
      <Filter>sources</Filter>
    </ClInclude>
    <ClInclude Include="..\src\textures\texture_normal.hpp">
      <Filter>sources</Filter>
    </ClInclude>
    <ClInclude Include="..\src\primitives\hit_point.hpp">
      <Filter>sources</Filter>
    </ClInclude>
    <ClInclude Include="..\src\lights\light.hpp">
      <Filter>sources</Filter>
    </ClInclude>
    <ClInclude Include="..\src\lights\light_area.hpp">
      <Filter>sources</Filter>
    </ClInclude>
    <ClInclude Include="..\src\lights\light_omni.hpp">
      <Filter>sources</Filter>
    </ClInclude>
    <ClInclude Include="..\src\lights\light_spot.hpp">
      <Filter>sources</Filter>
    </ClInclude>
    <ClInclude Include="..\src\parsers\parser_config.hpp">
      <Filter>sources</Filter>
    </ClInclude>
    <ClInclude Include="..\src\utility\date.hpp">
      <Filter>sources</Filter>
    </ClInclude>
  </ItemGroup>
</Project>